<?xml version="1.0" encoding="utf-8"?>
<Project ToolsVersion="4.0" xmlns="http://schemas.microsoft.com/developer/msbuild/2003">
  <ItemGroup>
    <Filter Include="リソース ファイル">
      <UniqueIdentifier>{67DA6AB6-F800-4c08-8B7A-83BB121AAD01}</UniqueIdentifier>
      <Extensions>rc;ico;cur;bmp;dlg;rc2;rct;bin;rgs;gif;jpg;jpeg;jpe;resx;tiff;tif;png;wav;mfcribbon-ms</Extensions>
    </Filter>
    <Filter Include="program">
      <UniqueIdentifier>{4FC737F1-C7A5-4376-A066-2A32D752A2FF}</UniqueIdentifier>
      <Extensions>cpp;c;cc;cxx;c++;cppm;ixx;def;odl;idl;hpj;bat;asm;asmx</Extensions>
    </Filter>
    <Filter Include="program\[000] library">
      <UniqueIdentifier>{09672401-4fc2-4734-b792-36b80c770b80}</UniqueIdentifier>
    </Filter>
    <Filter Include="program\[001] dxlib_ext">
      <UniqueIdentifier>{413cd02b-9e9c-4380-878e-8de31d0aa61f}</UniqueIdentifier>
    </Filter>
    <Filter Include="program\[003] game">
      <UniqueIdentifier>{6febca5b-94b9-462e-9667-612e572524b1}</UniqueIdentifier>
    </Filter>
    <Filter Include="program\[001] dxlib_ext\create_mesh">
      <UniqueIdentifier>{11d8e443-8d64-409c-92f1-6895cd2dbbce}</UniqueIdentifier>
    </Filter>
    <Filter Include="program\[003] game\scene">
      <UniqueIdentifier>{f36f90b2-793f-4fc7-a8e3-7f6e18c582be}</UniqueIdentifier>
    </Filter>
    <Filter Include="program\[003] game\ui">
      <UniqueIdentifier>{afe84607-3d72-4986-a73f-6f00f11b1f49}</UniqueIdentifier>
    </Filter>
    <Filter Include="program\[003] game\object">
      <UniqueIdentifier>{3579b634-876d-42e4-abd2-5c2dbe5abc51}</UniqueIdentifier>
    </Filter>
    <Filter Include="program\[003] game\unit">
      <UniqueIdentifier>{3eda1caa-5765-40a6-986d-d7192de11bf7}</UniqueIdentifier>
    </Filter>
    <Filter Include="program\[003] game\manager">
      <UniqueIdentifier>{232bfb90-f8d2-48e0-9086-07e60f896080}</UniqueIdentifier>
    </Filter>
    <Filter Include="program\[003] game\camera">
      <UniqueIdentifier>{bb321f02-1afc-4c69-bb4e-c6eecf437971}</UniqueIdentifier>
    </Filter>
    <Filter Include="program\[003] game\card">
      <UniqueIdentifier>{ecfe6d69-4cfd-4d89-9317-f33aeeaacc7e}</UniqueIdentifier>
    </Filter>
    <Filter Include="program\[003] game\model">
      <UniqueIdentifier>{54551b27-b3c0-478f-8f6f-63d70a94b0c2}</UniqueIdentifier>
    </Filter>
    <Filter Include="program\[003] game\data">
      <UniqueIdentifier>{bb4eacc3-3bff-4ed9-b39a-02fa3ea387c4}</UniqueIdentifier>
    </Filter>
    <Filter Include="program\[003] game\unclassfication">
      <UniqueIdentifier>{9c7fe196-4192-4f81-8b93-1d90e165a175}</UniqueIdentifier>
    </Filter>
    <Filter Include="program\[003] game\twr">
      <UniqueIdentifier>{f9a267e9-1323-4f83-88fd-726b364a8841}</UniqueIdentifier>
    </Filter>
  </ItemGroup>
  <ItemGroup>
    <ClCompile Include="ManagedDxlGame.cpp">
      <Filter>program</Filter>
    </ClCompile>
    <ClCompile Include="program\library\tnl_font_texture.cpp">
      <Filter>program\[000] library</Filter>
    </ClCompile>
    <ClCompile Include="program\library\tnl_input.cpp">
      <Filter>program\[000] library</Filter>
    </ClCompile>
    <ClCompile Include="program\library\tnl_intersect.cpp">
      <Filter>program\[000] library</Filter>
    </ClCompile>
    <ClCompile Include="program\library\tnl_math.cpp">
      <Filter>program\[000] library</Filter>
    </ClCompile>
    <ClCompile Include="program\library\tnl_matrix.cpp">
      <Filter>program\[000] library</Filter>
    </ClCompile>
    <ClCompile Include="program\library\tnl_quaternion.cpp">
      <Filter>program\[000] library</Filter>
    </ClCompile>
    <ClCompile Include="program\library\tnl_seek_unit.cpp">
      <Filter>program\[000] library</Filter>
    </ClCompile>
    <ClCompile Include="program\library\tnl_util.cpp">
      <Filter>program\[000] library</Filter>
    </ClCompile>
    <ClCompile Include="program\library\tnl_vector.cpp">
      <Filter>program\[000] library</Filter>
    </ClCompile>
    <ClCompile Include="program\dxlib_ext\dxlib_ext.cpp">
      <Filter>program\[001] dxlib_ext</Filter>
    </ClCompile>
    <ClCompile Include="program\dxlib_ext\dxlib_ext_data.cpp">
      <Filter>program\[001] dxlib_ext</Filter>
    </ClCompile>
    <ClCompile Include="program\dxlib_ext\dxlib_ext_mesh.cpp">
      <Filter>program\[001] dxlib_ext</Filter>
    </ClCompile>
    <ClCompile Include="program\dxlib_ext\dxlib_ext_texture.cpp">
      <Filter>program\[001] dxlib_ext</Filter>
    </ClCompile>
    <ClCompile Include="program\dxlib_ext\OBJLoader.cpp">
      <Filter>program\[001] dxlib_ext</Filter>
    </ClCompile>
    <ClCompile Include="program\dxlib_ext\create_mesh\dxlib_ext_mesh_barrel.cpp">
      <Filter>program\[001] dxlib_ext\create_mesh</Filter>
    </ClCompile>
    <ClCompile Include="program\dxlib_ext\create_mesh\dxlib_ext_mesh_box.cpp">
      <Filter>program\[001] dxlib_ext\create_mesh</Filter>
    </ClCompile>
    <ClCompile Include="program\dxlib_ext\create_mesh\dxlib_ext_mesh_cone.cpp">
      <Filter>program\[001] dxlib_ext\create_mesh</Filter>
    </ClCompile>
    <ClCompile Include="program\dxlib_ext\create_mesh\dxlib_ext_mesh_cone_cylinder.cpp">
      <Filter>program\[001] dxlib_ext\create_mesh</Filter>
    </ClCompile>
    <ClCompile Include="program\dxlib_ext\create_mesh\dxlib_ext_mesh_cylinder.cpp">
      <Filter>program\[001] dxlib_ext\create_mesh</Filter>
    </ClCompile>
    <ClCompile Include="program\dxlib_ext\create_mesh\dxlib_ext_mesh_disk.cpp">
      <Filter>program\[001] dxlib_ext\create_mesh</Filter>
    </ClCompile>
    <ClCompile Include="program\dxlib_ext\create_mesh\dxlib_ext_mesh_disk_ring.cpp">
      <Filter>program\[001] dxlib_ext\create_mesh</Filter>
    </ClCompile>
    <ClCompile Include="program\dxlib_ext\create_mesh\dxlib_ext_mesh_dome.cpp">
      <Filter>program\[001] dxlib_ext\create_mesh</Filter>
    </ClCompile>
    <ClCompile Include="program\dxlib_ext\create_mesh\dxlib_ext_mesh_from_height_map.cpp">
      <Filter>program\[001] dxlib_ext\create_mesh</Filter>
    </ClCompile>
    <ClCompile Include="program\dxlib_ext\create_mesh\dxlib_ext_mesh_half_barrel.cpp">
      <Filter>program\[001] dxlib_ext\create_mesh</Filter>
    </ClCompile>
    <ClCompile Include="program\dxlib_ext\create_mesh\dxlib_ext_mesh_obj.cpp">
      <Filter>program\[001] dxlib_ext\create_mesh</Filter>
    </ClCompile>
    <ClCompile Include="program\dxlib_ext\create_mesh\dxlib_ext_mesh_plane.cpp">
      <Filter>program\[001] dxlib_ext\create_mesh</Filter>
    </ClCompile>
    <ClCompile Include="program\dxlib_ext\create_mesh\dxlib_ext_mesh_sphere.cpp">
      <Filter>program\[001] dxlib_ext\create_mesh</Filter>
    </ClCompile>
    <ClCompile Include="program\dxlib_ext\create_mesh\dxlib_ext_mesh_torus.cpp">
      <Filter>program\[001] dxlib_ext\create_mesh</Filter>
    </ClCompile>
    <ClCompile Include="program\dxlib_ext\create_mesh\dxlib_ext_mesh_triangle_equilateral.cpp">
      <Filter>program\[001] dxlib_ext\create_mesh</Filter>
    </ClCompile>
    <ClCompile Include="program\dxlib_ext\create_mesh\dxlib_ext_mesh_triangle_isosceles.cpp">
      <Filter>program\[001] dxlib_ext\create_mesh</Filter>
    </ClCompile>
    <ClCompile Include="program\dxlib_ext\create_mesh\dxlib_ext_mesh_triangle_right.cpp">
      <Filter>program\[001] dxlib_ext\create_mesh</Filter>
    </ClCompile>
    <ClCompile Include="program\game\gm_main.cpp">
      <Filter>program\[003] game</Filter>
    </ClCompile>
    <ClCompile Include="program\dxlib_ext\create_mesh\dxlib_ext_mesh_hollow_out_disk_plane.cpp">
      <Filter>program\[001] dxlib_ext\create_mesh</Filter>
    </ClCompile>
    <ClCompile Include="program\library\json11.cpp">
      <Filter>program\[000] library</Filter>
    </ClCompile>
    <ClCompile Include="program\library\tnl_inclution_owner_locked.cpp">
      <Filter>program\[000] library</Filter>
    </ClCompile>
    <ClCompile Include="program\library\tnl_instance.cpp">
      <Filter>program\[000] library</Filter>
    </ClCompile>
    <ClCompile Include="program\game\scene\gm_scene_selectphase.cpp">
      <Filter>program\[003] game\scene</Filter>
    </ClCompile>
    <ClCompile Include="program\game\scene\gm_scene_battle.cpp">
      <Filter>program\[003] game\scene</Filter>
    </ClCompile>
    <ClCompile Include="program\game\gm_ally.cpp">
      <Filter>program\[003] game\unit</Filter>
    </ClCompile>
    <ClCompile Include="program\game\gm_enemy.cpp">
      <Filter>program\[003] game\unit</Filter>
    </ClCompile>
    <ClCompile Include="program\game\gm_scene_manager.cpp">
      <Filter>program\[003] game\manager</Filter>
    </ClCompile>
    <ClCompile Include="program\game\gm_scene_battle_camera.cpp">
      <Filter>program\[003] game\camera</Filter>
    </ClCompile>
    <ClCompile Include="program\game\scene\gm_scene_load.cpp">
      <Filter>program\[003] game\scene</Filter>
    </ClCompile>
    <ClCompile Include="program\game\gm_ally_manager.cpp">
      <Filter>program\[003] game\manager</Filter>
    </ClCompile>
    <ClCompile Include="program\game\gm_card_manager.cpp">
      <Filter>program\[003] game\manager</Filter>
    </ClCompile>
    <ClCompile Include="program\game\gm_ui_cardview.cpp">
      <Filter>program\[003] game\ui</Filter>
    </ClCompile>
    <ClCompile Include="program\game\gm_ui_handview.cpp">
      <Filter>program\[003] game\ui</Filter>
    </ClCompile>
    <ClCompile Include="program\game\gm_object_board.cpp">
      <Filter>program\[003] game\object</Filter>
    </ClCompile>
    <ClCompile Include="program\game\gm_object.cpp">
      <Filter>program\[003] game\object</Filter>
    </ClCompile>
    <ClCompile Include="program\game\gm_object_ally.cpp">
      <Filter>program\[003] game\object</Filter>
    </ClCompile>
    <ClCompile Include="program\game\gm_allydata_manager.cpp">
      <Filter>program\[003] game\manager</Filter>
    </ClCompile>
    <ClCompile Include="program\game\gm_object_square.cpp">
      <Filter>program\[003] game\object</Filter>
    </ClCompile>
    <ClCompile Include="program\game\gm_unit_ally.cpp">
      <Filter>program\[003] game\unit</Filter>
    </ClCompile>
    <ClCompile Include="program\game\gm_square.cpp">
      <Filter>program\[003] game\unclassfication</Filter>
    </ClCompile>
    <ClCompile Include="program\game\gm_board.cpp">
      <Filter>program\[003] game\unclassfication</Filter>
    </ClCompile>
    <ClCompile Include="program\game\gm_select_square.cpp">
      <Filter>program\[003] game\unclassfication</Filter>
    </ClCompile>
    <ClCompile Include="program\game\gm_object_select_flame.cpp">
      <Filter>program\[003] game\object</Filter>
    </ClCompile>
    <ClCompile Include="program\game\gm_ui_panel.cpp">
      <Filter>program\[003] game\ui</Filter>
    </ClCompile>
    <ClCompile Include="program\game\gm_ui_window.cpp">
      <Filter>program\[003] game\ui</Filter>
    </ClCompile>
    <ClCompile Include="program\game\gm_texture_manager.cpp">
      <Filter>program\[003] game\manager</Filter>
    </ClCompile>
    <ClCompile Include="program\game\gm_ui_button.cpp">
      <Filter>program\[003] game\ui</Filter>
    </ClCompile>
    <ClCompile Include="program\game\gm_ui_selectphase_mediator.cpp">
      <Filter>program\[003] game\ui</Filter>
    </ClCompile>
    <ClCompile Include="program\game\gm_ui_dungeon_window.cpp">
      <Filter>program\[003] game\ui</Filter>
    </ClCompile>
  </ItemGroup>
  <ItemGroup>
    <ResourceCompile Include="ManagedDxlGame.rc">
      <Filter>リソース ファイル</Filter>
    </ResourceCompile>
  </ItemGroup>
  <ItemGroup>
    <Image Include="small.ico">
      <Filter>リソース ファイル</Filter>
    </Image>
    <Image Include="ManagedDxlGame.ico">
      <Filter>リソース ファイル</Filter>
    </Image>
  </ItemGroup>
  <ItemGroup>
    <ClInclude Include="program\library\stb_image.h">
      <Filter>program\[000] library</Filter>
    </ClInclude>
    <ClInclude Include="program\library\tnl_font_texture.h">
      <Filter>program\[000] library</Filter>
    </ClInclude>
    <ClInclude Include="program\library\tnl_hierarchy_tree.h">
      <Filter>program\[000] library</Filter>
    </ClInclude>
    <ClInclude Include="program\library\tnl_input.h">
      <Filter>program\[000] library</Filter>
    </ClInclude>
    <ClInclude Include="program\library\tnl_intersect.h">
      <Filter>program\[000] library</Filter>
    </ClInclude>
    <ClInclude Include="program\library\tnl_link_linear.h">
      <Filter>program\[000] library</Filter>
    </ClInclude>
    <ClInclude Include="program\library\tnl_math.h">
      <Filter>program\[000] library</Filter>
    </ClInclude>
    <ClInclude Include="program\library\tnl_matrix.h">
      <Filter>program\[000] library</Filter>
    </ClInclude>
    <ClInclude Include="program\library\tnl_quaternion.h">
      <Filter>program\[000] library</Filter>
    </ClInclude>
    <ClInclude Include="program\library\tnl_seek_unit.h">
      <Filter>program\[000] library</Filter>
    </ClInclude>
    <ClInclude Include="program\library\tnl_sequence.h">
      <Filter>program\[000] library</Filter>
    </ClInclude>
    <ClInclude Include="program\library\tnl_shared_factory.h">
      <Filter>program\[000] library</Filter>
    </ClInclude>
    <ClInclude Include="program\library\tnl_timer_callback.h">
      <Filter>program\[000] library</Filter>
    </ClInclude>
    <ClInclude Include="program\library\tnl_timer_fluct.h">
      <Filter>program\[000] library</Filter>
    </ClInclude>
    <ClInclude Include="program\library\tnl_using.h">
      <Filter>program\[000] library</Filter>
    </ClInclude>
    <ClInclude Include="program\library\tnl_util.h">
      <Filter>program\[000] library</Filter>
    </ClInclude>
    <ClInclude Include="program\library\tnl_vector.h">
      <Filter>program\[000] library</Filter>
    </ClInclude>
    <ClInclude Include="program\dxlib_ext\dxlib_ext.h">
      <Filter>program\[001] dxlib_ext</Filter>
    </ClInclude>
    <ClInclude Include="program\dxlib_ext\dxlib_ext_camera.h">
      <Filter>program\[001] dxlib_ext</Filter>
    </ClInclude>
    <ClInclude Include="program\dxlib_ext\dxlib_ext_data.h">
      <Filter>program\[001] dxlib_ext</Filter>
    </ClInclude>
    <ClInclude Include="program\dxlib_ext\dxlib_ext_mesh.h">
      <Filter>program\[001] dxlib_ext</Filter>
    </ClInclude>
    <ClInclude Include="program\dxlib_ext\dxlib_ext_render_param.h">
      <Filter>program\[001] dxlib_ext</Filter>
    </ClInclude>
    <ClInclude Include="program\dxlib_ext\dxlib_ext_texture.h">
      <Filter>program\[001] dxlib_ext</Filter>
    </ClInclude>
    <ClInclude Include="program\dxlib_ext\OBJLoader.h">
      <Filter>program\[001] dxlib_ext</Filter>
    </ClInclude>
    <ClInclude Include="program\game\gm_main.h">
      <Filter>program\[003] game</Filter>
    </ClInclude>
    <ClInclude Include="program\dxlib_ext\dxlib_ext_mesh_desc.h">
      <Filter>program\[001] dxlib_ext</Filter>
    </ClInclude>
    <ClInclude Include="program\library\json11.hpp">
      <Filter>program\[000] library</Filter>
    </ClInclude>
    <ClInclude Include="program\library\tnl_inclution_owner_locked.h">
      <Filter>program\[000] library</Filter>
    </ClInclude>
    <ClInclude Include="program\library\tnl_instance.h">
      <Filter>program\[000] library</Filter>
    </ClInclude>
    <ClInclude Include="program\game\scene\gm_scene_base.h">
      <Filter>program\[003] game\scene</Filter>
    </ClInclude>
    <ClInclude Include="program\game\scene\gm_scene_selectphase.h">
      <Filter>program\[003] game\scene</Filter>
    </ClInclude>
    <ClInclude Include="program\game\scene\gm_scene_battle.h">
      <Filter>program\[003] game\scene</Filter>
    </ClInclude>
    <ClInclude Include="program\game\gm_object.h">
      <Filter>program\[003] game\object</Filter>
    </ClInclude>
    <ClInclude Include="program\game\gm_ally.h">
      <Filter>program\[003] game\unit</Filter>
    </ClInclude>
    <ClInclude Include="program\game\gm_enemy.h">
      <Filter>program\[003] game\unit</Filter>
    </ClInclude>
    <ClInclude Include="program\game\gm_scene_manager.h">
      <Filter>program\[003] game\manager</Filter>
    </ClInclude>
    <ClInclude Include="program\game\gm_unit.h">
      <Filter>program\[003] game\unit</Filter>
    </ClInclude>
    <ClInclude Include="program\game\gm_scene_battle_camera.h">
      <Filter>program\[003] game\camera</Filter>
    </ClInclude>
    <ClInclude Include="program\game\scene\gm_scene_load.h">
      <Filter>program\[003] game\scene</Filter>
    </ClInclude>
    <ClInclude Include="program\game\gm_ally_manager.h">
      <Filter>program\[003] game\manager</Filter>
    </ClInclude>
    <ClInclude Include="program\game\gm_card_manager.h">
      <Filter>program\[003] game\manager</Filter>
    </ClInclude>
    <ClInclude Include="program\game\gm_ui_handview.h">
      <Filter>program\[003] game\ui</Filter>
    </ClInclude>
    <ClInclude Include="program\game\gm_ui_panel.h">
      <Filter>program\[003] game\ui</Filter>
    </ClInclude>
    <ClInclude Include="program\game\gm_card.h">
      <Filter>program\[003] game\card</Filter>
    </ClInclude>
    <ClInclude Include="program\game\gm_hand.h">
      <Filter>program\[003] game\card</Filter>
    </ClInclude>
    <ClInclude Include="program\game\gm_ui_cardview.h">
      <Filter>program\[003] game\ui</Filter>
    </ClInclude>
    <ClInclude Include="program\game\gm_ui_cardui_controller.h">
      <Filter>program\[003] game\ui</Filter>
    </ClInclude>
    <ClInclude Include="program\game\gm_model.h">
      <Filter>program\[003] game\model</Filter>
    </ClInclude>
    <ClInclude Include="program\game\gm_data_ally.h">
      <Filter>program\[003] game\data</Filter>
    </ClInclude>
    <ClInclude Include="program\game\gm_parts.h">
      <Filter>program\[003] game\object</Filter>
    </ClInclude>
    <ClInclude Include="program\game\gm_object_board.h">
      <Filter>program\[003] game\object</Filter>
    </ClInclude>
    <ClInclude Include="program\game\gm_object_ally.h">
      <Filter>program\[003] game\object</Filter>
    </ClInclude>
    <ClInclude Include="program\game\gm_allydata_manager.h">
      <Filter>program\[003] game\manager</Filter>
    </ClInclude>
    <ClInclude Include="program\game\gm_object_square.h">
      <Filter>program\[003] game\object</Filter>
    </ClInclude>
    <ClInclude Include="program\game\gm_unit_ally.h">
      <Filter>program\[003] game\unit</Filter>
    </ClInclude>
    <ClInclude Include="program\game\gm_square.h">
      <Filter>program\[003] game\unclassfication</Filter>
    </ClInclude>
    <ClInclude Include="program\game\gm_board.h">
      <Filter>program\[003] game\unclassfication</Filter>
    </ClInclude>
    <ClInclude Include="program\game\gm_select_square.h">
      <Filter>program\[003] game\unclassfication</Filter>
    </ClInclude>
    <ClInclude Include="program\game\gm_object_select_flame.h">
      <Filter>program\[003] game\object</Filter>
    </ClInclude>
    <ClInclude Include="program\game\gm_ui_component.h">
      <Filter>program\[003] game\ui</Filter>
    </ClInclude>
    <ClInclude Include="program\game\gm_ui_window.h">
      <Filter>program\[003] game\ui</Filter>
    </ClInclude>
    <ClInclude Include="program\game\gm_ui_mediator.h">
      <Filter>program\[003] game\ui</Filter>
    </ClInclude>
    <ClInclude Include="program\game\gm_ui_selectphase_mediator.h">
      <Filter>program\[003] game\ui</Filter>
    </ClInclude>
    <ClInclude Include="program\game\gm_texture_manager.h">
      <Filter>program\[003] game\manager</Filter>
    </ClInclude>
    <ClInclude Include="program\game\gm_color.h">
      <Filter>program\[003] game\twr</Filter>
    </ClInclude>
    <ClInclude Include="program\game\gm_easingfunctions.h">
      <Filter>program\[003] game\twr</Filter>
    </ClInclude>
    <ClInclude Include="program\game\gm_ui_button.h">
      <Filter>program\[003] game\ui</Filter>
    </ClInclude>
    <ClInclude Include="program\game\gm_ui_dungeon_window.h">
      <Filter>program\[003] game\ui</Filter>
    </ClInclude>
  </ItemGroup>
</Project>